
Microsoft Visual Studio Solution File, Format Version 12.00
# Visual Studio 2012
Project("{FAE04EC0-301F-11D3-BF4B-00C04F79EFBC}") = "HierarchicalClassification", "HierarchicalClassification\HierarchicalClassification.csproj", "{B9E6D93D-71BA-4312-AB70-A91797D12C05}"
EndProject
Global
	GlobalSection(SolutionConfigurationPlatforms) = preSolution
		Debug|Any CPU = Debug|Any CPU
		Release|Any CPU = Release|Any CPU
	EndGlobalSection
	GlobalSection(ProjectConfigurationPlatforms) = postSolution
		{B9E6D93D-71BA-4312-AB70-A91797D12C05}.Debug|Any CPU.ActiveCfg = Debug|Any CPU
		{B9E6D93D-71BA-4312-AB70-A91797D12C05}.Debug|Any CPU.Build.0 = Debug|Any CPU
		{B9E6D93D-71BA-4312-AB70-A91797D12C05}.Release|Any CPU.ActiveCfg = Release|Any CPU
		{B9E6D93D-71BA-4312-AB70-A91797D12C05}.Release|Any CPU.Build.0 = Release|Any CPU
	EndGlobalSection
	GlobalSection(SolutionProperties) = preSolution
		HideSolutionNode = FALSE
	EndGlobalSection
EndGlobal
