
Microsoft Visual Studio Solution File, Format Version 12.00
# Visual Studio 2012
Project("{FAE04EC0-301F-11D3-BF4B-00C04F79EFBC}") = "Crawler_v1", "Crawler_v1\Crawler_v1.csproj", "{17A1D7B5-B195-44D3-A464-A6AB51FA23C8}"
EndProject
Global
	GlobalSection(SolutionConfigurationPlatforms) = preSolution
		Debug|Any CPU = Debug|Any CPU
		Release|Any CPU = Release|Any CPU
	EndGlobalSection
	GlobalSection(ProjectConfigurationPlatforms) = postSolution
		{17A1D7B5-B195-44D3-A464-A6AB51FA23C8}.Debug|Any CPU.ActiveCfg = Debug|Any CPU
		{17A1D7B5-B195-44D3-A464-A6AB51FA23C8}.Debug|Any CPU.Build.0 = Debug|Any CPU
		{17A1D7B5-B195-44D3-A464-A6AB51FA23C8}.Release|Any CPU.ActiveCfg = Release|Any CPU
		{17A1D7B5-B195-44D3-A464-A6AB51FA23C8}.Release|Any CPU.Build.0 = Release|Any CPU
	EndGlobalSection
	GlobalSection(SolutionProperties) = preSolution
		HideSolutionNode = FALSE
	EndGlobalSection
EndGlobal
